// !$*UTF8*$!
{
	archiveVersion = 1;
	classes = {
	};
	objectVersion = 77;
	objects = {

/* Begin PBXBuildFile section */
		16A6397A2F34C03B008DFB63 /* WidgetKit.framework in Frameworks */ = {isa = PBXBuildFile; fileRef = 16EEAB112F2CD95C00CDB8E9 /* WidgetKit.framework */; };
		16A6397B2F34C03B008DFB63 /* SwiftUI.framework in Frameworks */ = {isa = PBXBuildFile; fileRef = 16EEAB132F2CD95C00CDB8E9 /* SwiftUI.framework */; };
		16A639862F34C03C008DFB63 /* FeedbackAssistantWidgetMacExtension.appex in Embed Foundation Extensions */ = {isa = PBXBuildFile; fileRef = 16A639792F34C03B008DFB63 /* FeedbackAssistantWidgetMacExtension.appex */; platformFilters = (macos, ); settings = {ATTRIBUTES = (RemoveHeadersOnCopy, ); }; };
		16A639A72F34CBB0008DFB63 /* UPAWatch Watch App.app in Embed Watch Content */ = {isa = PBXBuildFile; fileRef = 16A6399D2F34CBAF008DFB63 /* UPAWatch Watch App.app */; platformFilter = ios; settings = {ATTRIBUTES = (RemoveHeadersOnCopy, ); }; };
		16EEAB122F2CD95C00CDB8E9 /* WidgetKit.framework in Frameworks */ = {isa = PBXBuildFile; fileRef = 16EEAB112F2CD95C00CDB8E9 /* WidgetKit.framework */; };
		16EEAB142F2CD95C00CDB8E9 /* SwiftUI.framework in Frameworks */ = {isa = PBXBuildFile; fileRef = 16EEAB132F2CD95C00CDB8E9 /* SwiftUI.framework */; };
		16EEAB1F2F2CD95D00CDB8E9 /* FeedbackAssistantWidgetExtension.appex in Embed Foundation Extensions */ = {isa = PBXBuildFile; fileRef = 16EEAB0F2F2CD95C00CDB8E9 /* FeedbackAssistantWidgetExtension.appex */; platformFilter = ios; settings = {ATTRIBUTES = (RemoveHeadersOnCopy, ); }; };
/* End PBXBuildFile section */

/* Begin PBXContainerItemProxy section */
		1648A1702F0C3425001CE56E /* PBXContainerItemProxy */ = {
			isa = PBXContainerItemProxy;
			containerPortal = 164D4FCF2EF02AAC00815184 /* Project object */;
			proxyType = 1;
			remoteGlobalIDString = 164D4FD62EF02AAC00815184;
			remoteInfo = FeedbackAssistant;
		};
		1648A1942F1149A2001CE56E /* PBXContainerItemProxy */ = {
			isa = PBXContainerItemProxy;
			containerPortal = 164D4FCF2EF02AAC00815184 /* Project object */;
			proxyType = 1;
			remoteGlobalIDString = 164D4FD62EF02AAC00815184;
			remoteInfo = FeedbackAssistant;
		};
		16A639842F34C03C008DFB63 /* PBXContainerItemProxy */ = {
			isa = PBXContainerItemProxy;
			containerPortal = 164D4FCF2EF02AAC00815184 /* Project object */;
			proxyType = 1;
			remoteGlobalIDString = 16A639782F34C03B008DFB63;
			remoteInfo = FeedbackAssistantWidgetMacExtension;
		};
		16A639A52F34CBB0008DFB63 /* PBXContainerItemProxy */ = {
			isa = PBXContainerItemProxy;
			containerPortal = 164D4FCF2EF02AAC00815184 /* Project object */;
			proxyType = 1;
			remoteGlobalIDString = 16A6399C2F34CBAF008DFB63;
			remoteInfo = "UPAWatch Watch App";
		};
		16EEAB1D2F2CD95D00CDB8E9 /* PBXContainerItemProxy */ = {
			isa = PBXContainerItemProxy;
			containerPortal = 164D4FCF2EF02AAC00815184 /* Project object */;
			proxyType = 1;
			remoteGlobalIDString = 16EEAB0E2F2CD95C00CDB8E9;
			remoteInfo = FeedbackAssistantWidgetExtension;
		};
/* End PBXContainerItemProxy section */

/* Begin PBXCopyFilesBuildPhase section */
		16A639AB2F34CBB0008DFB63 /* Embed Watch Content */ = {
			isa = PBXCopyFilesBuildPhase;
			buildActionMask = 2147483647;
			dstPath = "$(CONTENTS_FOLDER_PATH)/Watch";
			dstSubfolderSpec = 16;
			files = (
				16A639A72F34CBB0008DFB63 /* UPAWatch Watch App.app in Embed Watch Content */,
			);
			name = "Embed Watch Content";
			runOnlyForDeploymentPostprocessing = 0;
		};
		16EEAB242F2CD95D00CDB8E9 /* Embed Foundation Extensions */ = {
			isa = PBXCopyFilesBuildPhase;
			buildActionMask = 2147483647;
			dstPath = "";
			dstSubfolderSpec = 13;
			files = (
				16A639862F34C03C008DFB63 /* FeedbackAssistantWidgetMacExtension.appex in Embed Foundation Extensions */,
				16EEAB1F2F2CD95D00CDB8E9 /* FeedbackAssistantWidgetExtension.appex in Embed Foundation Extensions */,
			);
			name = "Embed Foundation Extensions";
			runOnlyForDeploymentPostprocessing = 0;
		};
/* End PBXCopyFilesBuildPhase section */

/* Begin PBXFileReference section */
		1648A16C2F0C3425001CE56E /* FeedbackAssistantTests.xctest */ = {isa = PBXFileReference; explicitFileType = wrapper.cfbundle; includeInIndex = 0; path = FeedbackAssistantTests.xctest; sourceTree = BUILT_PRODUCTS_DIR; };
		1648A18E2F1149A2001CE56E /* FeedbackAssistantUITests.xctest */ = {isa = PBXFileReference; explicitFileType = wrapper.cfbundle; includeInIndex = 0; path = FeedbackAssistantUITests.xctest; sourceTree = BUILT_PRODUCTS_DIR; };
		164D4FD72EF02AAC00815184 /* FeedbackAssistant.app */ = {isa = PBXFileReference; explicitFileType = wrapper.application; includeInIndex = 0; path = FeedbackAssistant.app; sourceTree = BUILT_PRODUCTS_DIR; };
		16A639792F34C03B008DFB63 /* FeedbackAssistantWidgetMacExtension.appex */ = {isa = PBXFileReference; explicitFileType = "wrapper.app-extension"; includeInIndex = 0; path = FeedbackAssistantWidgetMacExtension.appex; sourceTree = BUILT_PRODUCTS_DIR; };
		16A639962F34C0A9008DFB63 /* FeedbackAssistantWidgetMacExtension.entitlements */ = {isa = PBXFileReference; lastKnownFileType = text.plist.entitlements; path = FeedbackAssistantWidgetMacExtension.entitlements; sourceTree = "<group>"; };
		16A6399D2F34CBAF008DFB63 /* UPAWatch Watch App.app */ = {isa = PBXFileReference; explicitFileType = wrapper.application; includeInIndex = 0; path = "UPAWatch Watch App.app"; sourceTree = BUILT_PRODUCTS_DIR; };
		16EEAB0F2F2CD95C00CDB8E9 /* FeedbackAssistantWidgetExtension.appex */ = {isa = PBXFileReference; explicitFileType = "wrapper.app-extension"; includeInIndex = 0; path = FeedbackAssistantWidgetExtension.appex; sourceTree = BUILT_PRODUCTS_DIR; };
		16EEAB112F2CD95C00CDB8E9 /* WidgetKit.framework */ = {isa = PBXFileReference; lastKnownFileType = wrapper.framework; name = WidgetKit.framework; path = System/Library/Frameworks/WidgetKit.framework; sourceTree = SDKROOT; };
		16EEAB132F2CD95C00CDB8E9 /* SwiftUI.framework */ = {isa = PBXFileReference; lastKnownFileType = wrapper.framework; name = SwiftUI.framework; path = System/Library/Frameworks/SwiftUI.framework; sourceTree = SDKROOT; };
		16EEAB2F2F2E8F6C00CDB8E9 /* FeedbackAssistantWidgetExtension.entitlements */ = {isa = PBXFileReference; lastKnownFileType = text.plist.entitlements; path = FeedbackAssistantWidgetExtension.entitlements; sourceTree = "<group>"; };
/* End PBXFileReference section */

/* Begin PBXFileSystemSynchronizedBuildFileExceptionSet section */
		1648A19A2F128CCE001CE56E /* Exceptions for "FeedbackAssistantUITests" folder in "FeedbackAssistantUITests" target */ = {
			isa = PBXFileSystemSynchronizedBuildFileExceptionSet;
			membershipExceptions = (
				FeedbackAssistantUITests.xctestplan,
			);
			target = 1648A18D2F1149A2001CE56E /* FeedbackAssistantUITests */;
		};
		16A6398A2F34C03C008DFB63 /* Exceptions for "FeedbackAssistantWidgetMac" folder in "FeedbackAssistantWidgetMacExtension" target */ = {
			isa = PBXFileSystemSynchronizedBuildFileExceptionSet;
			membershipExceptions = (
				Info.plist,
			);
			target = 16A639782F34C03B008DFB63 /* FeedbackAssistantWidgetMacExtension */;
		};
		16A639932F34C089008DFB63 /* Exceptions for "FeedbackAssistantWidget" folder in "FeedbackAssistantWidgetMacExtension" target */ = {
			isa = PBXFileSystemSynchronizedBuildFileExceptionSet;
			membershipExceptions = (
				FeedbackAssistantWidgetBundle.swift,
				Widgets/ComplexFeedbackAssistantWidget.swift,
				Widgets/SimpleFeedbackAssistantWidget.swift,
			);
			target = 16A639782F34C03B008DFB63 /* FeedbackAssistantWidgetMacExtension */;
		};
		16A639942F34C089008DFB63 /* Exceptions for "FeedbackAssistant" folder in "FeedbackAssistantWidgetMacExtension" target */ = {
			isa = PBXFileSystemSynchronizedBuildFileExceptionSet;
			membershipExceptions = (
				Configuration/Main.xcdatamodeld,
				"DataController/DataController-StoreKit.swift",
				DataController/DataController.swift,
				"Extensions/CoreData/Issue-CoreDataHelpers.swift",
				"Extensions/CoreData/Tag-CoreDataHelpers.swift",
				Filters/Filter.swift,
			);
			target = 16A639782F34C03B008DFB63 /* FeedbackAssistantWidgetMacExtension */;
		};
		16A639CA2F34CBF9008DFB63 /* Exceptions for "FeedbackAssistant" folder in "UPAWatch Watch App" target */ = {
			isa = PBXFileSystemSynchronizedBuildFileExceptionSet;
			membershipExceptions = (
				"/Localized: Awards/Awards.json",
				AppDelegate.swift,
				Assets/Assets.xcassets,
				Assets/Colors.xcassets,
				Awards/Award.swift,
				Awards/AwardsView.swift,
				Configuration/Main.xcdatamodeld,
				"DataController/DataController-Awards.swift",
				"DataController/DataController-Notifications.swift",
				"DataController/DataController-StoreKit.swift",
				DataController/DataController.swift,
				Delegates/NotificationDelegate.swift,
				Editing/DetailView.swift,
				Editing/IssueView.swift,
				Editing/IssueViewToolbar.swift,
				Editing/NoIssueView.swift,
				Editing/TagsMenuView.swift,
				"Extensions/Bundle-Decodable.swift",
				"Extensions/CoreData/Issue-CoreDataHelpers.swift",
				"Extensions/CoreData/Tag-CoreDataHelpers.swift",
				FeedbackAssistantApp.swift,
				Filters/Filter.swift,
				Filters/SidebarView.swift,
				Filters/SidebarViewModel.swift,
				Filters/SidebarViewToolbar.swift,
				Filters/SmartFilterRow.swift,
				Filters/UserFilterRow.swift,
				Issues/ContentView.swift,
				Issues/ContentViewModel.swift,
				Issues/ContentViewToolbar.swift,
				Issues/IssueRow.swift,
				Issues/IssueRowViewModel.swift,
				Issues/IssueRowWatch.swift,
				Issues/NewIssueButton.swift,
				PlatformAdjustments/InlineNavigationBar.swift,
				PlatformAdjustments/MacFrame.swift,
				PlatformAdjustments/NumberBadge.swift,
				PlatformAdjustments/ToolbarItemPlacement.swift,
				SceneDelegate.swift,
				Store/StoreView.swift,
			);
			target = 16A6399C2F34CBAF008DFB63 /* UPAWatch Watch App */;
		};
		16EEAB232F2CD95D00CDB8E9 /* Exceptions for "FeedbackAssistantWidget" folder in "FeedbackAssistantWidgetExtension" target */ = {
			isa = PBXFileSystemSynchronizedBuildFileExceptionSet;
			membershipExceptions = (
				Info.plist,
			);
			target = 16EEAB0E2F2CD95C00CDB8E9 /* FeedbackAssistantWidgetExtension */;
		};
		16EEAB262F2CDC7200CDB8E9 /* Exceptions for "FeedbackAssistant" folder in "FeedbackAssistantWidgetExtension" target */ = {
			isa = PBXFileSystemSynchronizedBuildFileExceptionSet;
			membershipExceptions = (
				Configuration/Localizable.xcstrings,
				Configuration/Main.xcdatamodeld,
				"DataController/DataController-StoreKit.swift",
				DataController/DataController.swift,
				"Extensions/CoreData/Issue-CoreDataHelpers.swift",
				"Extensions/CoreData/Tag-CoreDataHelpers.swift",
				Filters/Filter.swift,
			);
			target = 16EEAB0E2F2CD95C00CDB8E9 /* FeedbackAssistantWidgetExtension */;
		};
		16EEAB342F30CFCB00CDB8E9 /* Exceptions for "FeedbackAssistantWidget" folder in "FeedbackAssistant" target */ = {
			isa = PBXFileSystemSynchronizedBuildFileExceptionSet;
			membershipExceptions = (
				Widgets/ComplexFeedbackAssistantWidget.swift,
			);
			target = 164D4FD62EF02AAC00815184 /* FeedbackAssistant */;
		};
/* End PBXFileSystemSynchronizedBuildFileExceptionSet section */

/* Begin PBXFileSystemSynchronizedRootGroup section */
		1648A16D2F0C3425001CE56E /* FeedbackAssistantTests */ = {
			isa = PBXFileSystemSynchronizedRootGroup;
			path = FeedbackAssistantTests;
			sourceTree = "<group>";
		};
		1648A18F2F1149A2001CE56E /* FeedbackAssistantUITests */ = {
			isa = PBXFileSystemSynchronizedRootGroup;
			exceptions = (
				1648A19A2F128CCE001CE56E /* Exceptions for "FeedbackAssistantUITests" folder in "FeedbackAssistantUITests" target */,
			);
			path = FeedbackAssistantUITests;
			sourceTree = "<group>";
		};
		164D4FD92EF02AAC00815184 /* FeedbackAssistant */ = {
			isa = PBXFileSystemSynchronizedRootGroup;
			exceptions = (
				16EEAB262F2CDC7200CDB8E9 /* Exceptions for "FeedbackAssistant" folder in "FeedbackAssistantWidgetExtension" target */,
				16A639942F34C089008DFB63 /* Exceptions for "FeedbackAssistant" folder in "FeedbackAssistantWidgetMacExtension" target */,
				16A639CA2F34CBF9008DFB63 /* Exceptions for "FeedbackAssistant" folder in "UPAWatch Watch App" target */,
			);
			path = FeedbackAssistant;
			sourceTree = "<group>";
		};
		16A6397C2F34C03B008DFB63 /* FeedbackAssistantWidgetMac */ = {
			isa = PBXFileSystemSynchronizedRootGroup;
			exceptions = (
				16A6398A2F34C03C008DFB63 /* Exceptions for "FeedbackAssistantWidgetMac" folder in "FeedbackAssistantWidgetMacExtension" target */,
			);
			path = FeedbackAssistantWidgetMac;
			sourceTree = "<group>";
		};
		16A6399E2F34CBAF008DFB63 /* UPAWatch Watch App */ = {
			isa = PBXFileSystemSynchronizedRootGroup;
			path = "UPAWatch Watch App";
			sourceTree = "<group>";
		};
		16EEAB152F2CD95C00CDB8E9 /* FeedbackAssistantWidget */ = {
			isa = PBXFileSystemSynchronizedRootGroup;
			exceptions = (
				16EEAB342F30CFCB00CDB8E9 /* Exceptions for "FeedbackAssistantWidget" folder in "FeedbackAssistant" target */,
				16EEAB232F2CD95D00CDB8E9 /* Exceptions for "FeedbackAssistantWidget" folder in "FeedbackAssistantWidgetExtension" target */,
				16A639932F34C089008DFB63 /* Exceptions for "FeedbackAssistantWidget" folder in "FeedbackAssistantWidgetMacExtension" target */,
			);
			path = FeedbackAssistantWidget;
			sourceTree = "<group>";
		};
/* End PBXFileSystemSynchronizedRootGroup section */

/* Begin PBXFrameworksBuildPhase section */
		1648A1692F0C3425001CE56E /* Frameworks */ = {
			isa = PBXFrameworksBuildPhase;
			buildActionMask = 2147483647;
			files = (
			);
			runOnlyForDeploymentPostprocessing = 0;
		};
		1648A18B2F1149A2001CE56E /* Frameworks */ = {
			isa = PBXFrameworksBuildPhase;
			buildActionMask = 2147483647;
			files = (
			);
			runOnlyForDeploymentPostprocessing = 0;
		};
		164D4FD42EF02AAC00815184 /* Frameworks */ = {
			isa = PBXFrameworksBuildPhase;
			buildActionMask = 2147483647;
			files = (
			);
			runOnlyForDeploymentPostprocessing = 0;
		};
		16A639762F34C03B008DFB63 /* Frameworks */ = {
			isa = PBXFrameworksBuildPhase;
			buildActionMask = 2147483647;
			files = (
				16A6397B2F34C03B008DFB63 /* SwiftUI.framework in Frameworks */,
				16A6397A2F34C03B008DFB63 /* WidgetKit.framework in Frameworks */,
			);
			runOnlyForDeploymentPostprocessing = 0;
		};
		16A6399A2F34CBAF008DFB63 /* Frameworks */ = {
			isa = PBXFrameworksBuildPhase;
			buildActionMask = 2147483647;
			files = (
			);
			runOnlyForDeploymentPostprocessing = 0;
		};
		16EEAB0C2F2CD95C00CDB8E9 /* Frameworks */ = {
			isa = PBXFrameworksBuildPhase;
			buildActionMask = 2147483647;
			files = (
				16EEAB142F2CD95C00CDB8E9 /* SwiftUI.framework in Frameworks */,
				16EEAB122F2CD95C00CDB8E9 /* WidgetKit.framework in Frameworks */,
			);
			runOnlyForDeploymentPostprocessing = 0;
		};
/* End PBXFrameworksBuildPhase section */

/* Begin PBXGroup section */
		164D4FCE2EF02AAC00815184 = {
			isa = PBXGroup;
			children = (
				16A639962F34C0A9008DFB63 /* FeedbackAssistantWidgetMacExtension.entitlements */,
				16EEAB2F2F2E8F6C00CDB8E9 /* FeedbackAssistantWidgetExtension.entitlements */,
				164D4FD92EF02AAC00815184 /* FeedbackAssistant */,
				1648A16D2F0C3425001CE56E /* FeedbackAssistantTests */,
				1648A18F2F1149A2001CE56E /* FeedbackAssistantUITests */,
				16EEAB152F2CD95C00CDB8E9 /* FeedbackAssistantWidget */,
				16A6397C2F34C03B008DFB63 /* FeedbackAssistantWidgetMac */,
				16A6399E2F34CBAF008DFB63 /* UPAWatch Watch App */,
				16EEAB102F2CD95C00CDB8E9 /* Frameworks */,
				164D4FD82EF02AAC00815184 /* Products */,
			);
			sourceTree = "<group>";
		};
		164D4FD82EF02AAC00815184 /* Products */ = {
			isa = PBXGroup;
			children = (
				164D4FD72EF02AAC00815184 /* FeedbackAssistant.app */,
				1648A16C2F0C3425001CE56E /* FeedbackAssistantTests.xctest */,
				1648A18E2F1149A2001CE56E /* FeedbackAssistantUITests.xctest */,
				16EEAB0F2F2CD95C00CDB8E9 /* FeedbackAssistantWidgetExtension.appex */,
				16A639792F34C03B008DFB63 /* FeedbackAssistantWidgetMacExtension.appex */,
				16A6399D2F34CBAF008DFB63 /* UPAWatch Watch App.app */,
			);
			name = Products;
			sourceTree = "<group>";
		};
		16EEAB102F2CD95C00CDB8E9 /* Frameworks */ = {
			isa = PBXGroup;
			children = (
				16EEAB112F2CD95C00CDB8E9 /* WidgetKit.framework */,
				16EEAB132F2CD95C00CDB8E9 /* SwiftUI.framework */,
			);
			name = Frameworks;
			sourceTree = "<group>";
		};
/* End PBXGroup section */

/* Begin PBXNativeTarget section */
		1648A16B2F0C3425001CE56E /* FeedbackAssistantTests */ = {
			isa = PBXNativeTarget;
			buildConfigurationList = 1648A1722F0C3425001CE56E /* Build configuration list for PBXNativeTarget "FeedbackAssistantTests" */;
			buildPhases = (
				1648A1682F0C3425001CE56E /* Sources */,
				1648A1692F0C3425001CE56E /* Frameworks */,
				1648A16A2F0C3425001CE56E /* Resources */,
			);
			buildRules = (
			);
			dependencies = (
				1648A1712F0C3425001CE56E /* PBXTargetDependency */,
			);
			fileSystemSynchronizedGroups = (
				1648A16D2F0C3425001CE56E /* FeedbackAssistantTests */,
			);
			name = FeedbackAssistantTests;
			packageProductDependencies = (
			);
			productName = FeedbackAssistantTests;
			productReference = 1648A16C2F0C3425001CE56E /* FeedbackAssistantTests.xctest */;
			productType = "com.apple.product-type.bundle.unit-test";
		};
		1648A18D2F1149A2001CE56E /* FeedbackAssistantUITests */ = {
			isa = PBXNativeTarget;
			buildConfigurationList = 1648A1962F1149A2001CE56E /* Build configuration list for PBXNativeTarget "FeedbackAssistantUITests" */;
			buildPhases = (
				1648A18A2F1149A2001CE56E /* Sources */,
				1648A18B2F1149A2001CE56E /* Frameworks */,
				1648A18C2F1149A2001CE56E /* Resources */,
			);
			buildRules = (
			);
			dependencies = (
				1648A1952F1149A2001CE56E /* PBXTargetDependency */,
			);
			fileSystemSynchronizedGroups = (
				1648A18F2F1149A2001CE56E /* FeedbackAssistantUITests */,
			);
			name = FeedbackAssistantUITests;
			packageProductDependencies = (
			);
			productName = FeedbackAssistantUITests;
			productReference = 1648A18E2F1149A2001CE56E /* FeedbackAssistantUITests.xctest */;
			productType = "com.apple.product-type.bundle.ui-testing";
		};
		164D4FD62EF02AAC00815184 /* FeedbackAssistant */ = {
			isa = PBXNativeTarget;
			buildConfigurationList = 164D4FF82EF02AAD00815184 /* Build configuration list for PBXNativeTarget "FeedbackAssistant" */;
			buildPhases = (
				164D4FD32EF02AAC00815184 /* Sources */,
				164D4FD42EF02AAC00815184 /* Frameworks */,
				164D4FD52EF02AAC00815184 /* Resources */,
				164D51432F05577700815184 /* SwiftLint */,
				16EEAB242F2CD95D00CDB8E9 /* Embed Foundation Extensions */,
				16A639AB2F34CBB0008DFB63 /* Embed Watch Content */,
			);
			buildRules = (
			);
			dependencies = (
				16EEAB1E2F2CD95D00CDB8E9 /* PBXTargetDependency */,
				16A639852F34C03C008DFB63 /* PBXTargetDependency */,
				16A639A62F34CBB0008DFB63 /* PBXTargetDependency */,
			);
			fileSystemSynchronizedGroups = (
				164D4FD92EF02AAC00815184 /* FeedbackAssistant */,
			);
			name = FeedbackAssistant;
			packageProductDependencies = (
			);
			productName = "Feedback Assistant";
			productReference = 164D4FD72EF02AAC00815184 /* FeedbackAssistant.app */;
			productType = "com.apple.product-type.application";
		};
		16A639782F34C03B008DFB63 /* FeedbackAssistantWidgetMacExtension */ = {
			isa = PBXNativeTarget;
			buildConfigurationList = 16A639872F34C03C008DFB63 /* Build configuration list for PBXNativeTarget "FeedbackAssistantWidgetMacExtension" */;
			buildPhases = (
				16A639752F34C03B008DFB63 /* Sources */,
				16A639762F34C03B008DFB63 /* Frameworks */,
				16A639772F34C03B008DFB63 /* Resources */,
			);
			buildRules = (
			);
			dependencies = (
			);
			fileSystemSynchronizedGroups = (
				16A6397C2F34C03B008DFB63 /* FeedbackAssistantWidgetMac */,
			);
			name = FeedbackAssistantWidgetMacExtension;
			packageProductDependencies = (
			);
			productName = FeedbackAssistantWidgetMacExtension;
			productReference = 16A639792F34C03B008DFB63 /* FeedbackAssistantWidgetMacExtension.appex */;
			productType = "com.apple.product-type.app-extension";
		};
		16A6399C2F34CBAF008DFB63 /* UPAWatch Watch App */ = {
			isa = PBXNativeTarget;
			buildConfigurationList = 16A639A82F34CBB0008DFB63 /* Build configuration list for PBXNativeTarget "UPAWatch Watch App" */;
			buildPhases = (
				16A639992F34CBAF008DFB63 /* Sources */,
				16A6399A2F34CBAF008DFB63 /* Frameworks */,
				16A6399B2F34CBAF008DFB63 /* Resources */,
			);
			buildRules = (
			);
			dependencies = (
			);
			fileSystemSynchronizedGroups = (
				16A6399E2F34CBAF008DFB63 /* UPAWatch Watch App */,
			);
			name = "UPAWatch Watch App";
			packageProductDependencies = (
			);
			productName = "UPAWatch Watch App";
			productReference = 16A6399D2F34CBAF008DFB63 /* UPAWatch Watch App.app */;
			productType = "com.apple.product-type.application";
		};
		16EEAB0E2F2CD95C00CDB8E9 /* FeedbackAssistantWidgetExtension */ = {
			isa = PBXNativeTarget;
			buildConfigurationList = 16EEAB202F2CD95D00CDB8E9 /* Build configuration list for PBXNativeTarget "FeedbackAssistantWidgetExtension" */;
			buildPhases = (
				16EEAB0B2F2CD95C00CDB8E9 /* Sources */,
				16EEAB0C2F2CD95C00CDB8E9 /* Frameworks */,
				16EEAB0D2F2CD95C00CDB8E9 /* Resources */,
			);
			buildRules = (
			);
			dependencies = (
			);
			fileSystemSynchronizedGroups = (
				16EEAB152F2CD95C00CDB8E9 /* FeedbackAssistantWidget */,
			);
			name = FeedbackAssistantWidgetExtension;
			packageProductDependencies = (
			);
			productName = FeedbackAssistantWidgetExtension;
			productReference = 16EEAB0F2F2CD95C00CDB8E9 /* FeedbackAssistantWidgetExtension.appex */;
			productType = "com.apple.product-type.app-extension";
		};
/* End PBXNativeTarget section */

/* Begin PBXProject section */
		164D4FCF2EF02AAC00815184 /* Project object */ = {
			isa = PBXProject;
			attributes = {
				BuildIndependentTargetsInParallel = 1;
				LastSwiftUpdateCheck = 2620;
				LastUpgradeCheck = 2620;
				TargetAttributes = {
					1648A16B2F0C3425001CE56E = {
						CreatedOnToolsVersion = 26.2;
						TestTargetID = 164D4FD62EF02AAC00815184;
					};
					1648A18D2F1149A2001CE56E = {
						CreatedOnToolsVersion = 26.2;
						TestTargetID = 164D4FD62EF02AAC00815184;
					};
					164D4FD62EF02AAC00815184 = {
						CreatedOnToolsVersion = 26.2;
					};
					16A639782F34C03B008DFB63 = {
						CreatedOnToolsVersion = 26.2;
					};
					16A6399C2F34CBAF008DFB63 = {
						CreatedOnToolsVersion = 26.2;
					};
					16EEAB0E2F2CD95C00CDB8E9 = {
						CreatedOnToolsVersion = 26.2;
					};
				};
			};
			buildConfigurationList = 164D4FD22EF02AAC00815184 /* Build configuration list for PBXProject "FeedbackAssistant" */;
			developmentRegion = en;
			hasScannedForEncodings = 0;
			knownRegions = (
				en,
				Base,
				ru,
			);
			mainGroup = 164D4FCE2EF02AAC00815184;
			minimizedProjectReferenceProxies = 1;
			preferredProjectObjectVersion = 77;
			productRefGroup = 164D4FD82EF02AAC00815184 /* Products */;
			projectDirPath = "";
			projectRoot = "";
			targets = (
				164D4FD62EF02AAC00815184 /* FeedbackAssistant */,
				1648A16B2F0C3425001CE56E /* FeedbackAssistantTests */,
				1648A18D2F1149A2001CE56E /* FeedbackAssistantUITests */,
				16EEAB0E2F2CD95C00CDB8E9 /* FeedbackAssistantWidgetExtension */,
				16A639782F34C03B008DFB63 /* FeedbackAssistantWidgetMacExtension */,
				16A6399C2F34CBAF008DFB63 /* UPAWatch Watch App */,
			);
		};
/* End PBXProject section */

/* Begin PBXResourcesBuildPhase section */
		1648A16A2F0C3425001CE56E /* Resources */ = {
			isa = PBXResourcesBuildPhase;
			buildActionMask = 2147483647;
			files = (
			);
			runOnlyForDeploymentPostprocessing = 0;
		};
		1648A18C2F1149A2001CE56E /* Resources */ = {
			isa = PBXResourcesBuildPhase;
			buildActionMask = 2147483647;
			files = (
			);
			runOnlyForDeploymentPostprocessing = 0;
		};
		164D4FD52EF02AAC00815184 /* Resources */ = {
			isa = PBXResourcesBuildPhase;
			buildActionMask = 2147483647;
			files = (
			);
			runOnlyForDeploymentPostprocessing = 0;
		};
		16A639772F34C03B008DFB63 /* Resources */ = {
			isa = PBXResourcesBuildPhase;
			buildActionMask = 2147483647;
			files = (
			);
			runOnlyForDeploymentPostprocessing = 0;
		};
		16A6399B2F34CBAF008DFB63 /* Resources */ = {
			isa = PBXResourcesBuildPhase;
			buildActionMask = 2147483647;
			files = (
			);
			runOnlyForDeploymentPostprocessing = 0;
		};
		16EEAB0D2F2CD95C00CDB8E9 /* Resources */ = {
			isa = PBXResourcesBuildPhase;
			buildActionMask = 2147483647;
			files = (
			);
			runOnlyForDeploymentPostprocessing = 0;
		};
/* End PBXResourcesBuildPhase section */

/* Begin PBXShellScriptBuildPhase section */
		164D51432F05577700815184 /* SwiftLint */ = {
			isa = PBXShellScriptBuildPhase;
			alwaysOutOfDate = 1;
			buildActionMask = 2147483647;
			files = (
			);
			inputFileListPaths = (
			);
			inputPaths = (
			);
			name = SwiftLint;
			outputFileListPaths = (
			);
			outputPaths = (
			);
			runOnlyForDeploymentPostprocessing = 0;
			shellPath = /bin/sh;
			shellScript = "if [[ \"$(uname -m)\" == arm64 ]]; then\n    export PATH=\"/opt/homebrew/bin:$PATH\"\nfi\n\nif which swiftlint > /dev/null; then\n  swiftlint\nelse\n  echo \"warning: SwiftLint not installed, download from https://github.com/realm/SwiftLint\"\nfi\n";
		};
/* End PBXShellScriptBuildPhase section */

/* Begin PBXSourcesBuildPhase section */
		1648A1682F0C3425001CE56E /* Sources */ = {
			isa = PBXSourcesBuildPhase;
			buildActionMask = 2147483647;
			files = (
			);
			runOnlyForDeploymentPostprocessing = 0;
		};
		1648A18A2F1149A2001CE56E /* Sources */ = {
			isa = PBXSourcesBuildPhase;
			buildActionMask = 2147483647;
			files = (
			);
			runOnlyForDeploymentPostprocessing = 0;
		};
		164D4FD32EF02AAC00815184 /* Sources */ = {
			isa = PBXSourcesBuildPhase;
			buildActionMask = 2147483647;
			files = (
			);
			runOnlyForDeploymentPostprocessing = 0;
		};
		16A639752F34C03B008DFB63 /* Sources */ = {
			isa = PBXSourcesBuildPhase;
			buildActionMask = 2147483647;
			files = (
			);
			runOnlyForDeploymentPostprocessing = 0;
		};
		16A639992F34CBAF008DFB63 /* Sources */ = {
			isa = PBXSourcesBuildPhase;
			buildActionMask = 2147483647;
			files = (
			);
			runOnlyForDeploymentPostprocessing = 0;
		};
		16EEAB0B2F2CD95C00CDB8E9 /* Sources */ = {
			isa = PBXSourcesBuildPhase;
			buildActionMask = 2147483647;
			files = (
			);
			runOnlyForDeploymentPostprocessing = 0;
		};
/* End PBXSourcesBuildPhase section */

/* Begin PBXTargetDependency section */
		1648A1712F0C3425001CE56E /* PBXTargetDependency */ = {
			isa = PBXTargetDependency;
			target = 164D4FD62EF02AAC00815184 /* FeedbackAssistant */;
			targetProxy = 1648A1702F0C3425001CE56E /* PBXContainerItemProxy */;
		};
		1648A1952F1149A2001CE56E /* PBXTargetDependency */ = {
			isa = PBXTargetDependency;
			target = 164D4FD62EF02AAC00815184 /* FeedbackAssistant */;
			targetProxy = 1648A1942F1149A2001CE56E /* PBXContainerItemProxy */;
		};
		16A639852F34C03C008DFB63 /* PBXTargetDependency */ = {
			isa = PBXTargetDependency;
			platformFilters = (
				macos,
			);
			target = 16A639782F34C03B008DFB63 /* FeedbackAssistantWidgetMacExtension */;
			targetProxy = 16A639842F34C03C008DFB63 /* PBXContainerItemProxy */;
		};
		16A639A62F34CBB0008DFB63 /* PBXTargetDependency */ = {
			isa = PBXTargetDependency;
			platformFilter = ios;
			target = 16A6399C2F34CBAF008DFB63 /* UPAWatch Watch App */;
			targetProxy = 16A639A52F34CBB0008DFB63 /* PBXContainerItemProxy */;
		};
		16EEAB1E2F2CD95D00CDB8E9 /* PBXTargetDependency */ = {
			isa = PBXTargetDependency;
			platformFilter = ios;
			target = 16EEAB0E2F2CD95C00CDB8E9 /* FeedbackAssistantWidgetExtension */;
			targetProxy = 16EEAB1D2F2CD95D00CDB8E9 /* PBXContainerItemProxy */;
		};
/* End PBXTargetDependency section */

/* Begin XCBuildConfiguration section */
		1648A1732F0C3425001CE56E /* Debug */ = {
			isa = XCBuildConfiguration;
			buildSettings = {
				BUNDLE_LOADER = "$(TEST_HOST)";
				CODE_SIGN_STYLE = Automatic;
				CURRENT_PROJECT_VERSION = 1;
				DEVELOPMENT_TEAM = UQP96YXSBQ;
				ENABLE_USER_SCRIPT_SANDBOXING = YES;
				GENERATE_INFOPLIST_FILE = YES;
				IPHONEOS_DEPLOYMENT_TARGET = 26.2;
				MARKETING_VERSION = 1.0;
				PRODUCT_BUNDLE_IDENTIFIER = ezacd.FeedbackAssistantTests;
				PRODUCT_NAME = "$(TARGET_NAME)";
				SDKROOT = iphoneos;
				STRING_CATALOG_GENERATE_SYMBOLS = NO;
				SWIFT_APPROACHABLE_CONCURRENCY = YES;
				SWIFT_EMIT_LOC_STRINGS = NO;
				SWIFT_UPCOMING_FEATURE_MEMBER_IMPORT_VISIBILITY = YES;
				SWIFT_VERSION = 5.0;
				TARGETED_DEVICE_FAMILY = "1,2";
				TEST_HOST = "$(BUILT_PRODUCTS_DIR)/FeedbackAssistant.app/$(BUNDLE_EXECUTABLE_FOLDER_PATH)/FeedbackAssistant";
			};
			name = Debug;
		};
		1648A1742F0C3425001CE56E /* Release */ = {
			isa = XCBuildConfiguration;
			buildSettings = {
				BUNDLE_LOADER = "$(TEST_HOST)";
				CODE_SIGN_STYLE = Automatic;
				CURRENT_PROJECT_VERSION = 1;
				DEVELOPMENT_TEAM = UQP96YXSBQ;
				ENABLE_USER_SCRIPT_SANDBOXING = YES;
				GENERATE_INFOPLIST_FILE = YES;
				IPHONEOS_DEPLOYMENT_TARGET = 26.2;
				MARKETING_VERSION = 1.0;
				PRODUCT_BUNDLE_IDENTIFIER = ezacd.FeedbackAssistantTests;
				PRODUCT_NAME = "$(TARGET_NAME)";
				SDKROOT = iphoneos;
				STRING_CATALOG_GENERATE_SYMBOLS = NO;
				SWIFT_APPROACHABLE_CONCURRENCY = YES;
				SWIFT_EMIT_LOC_STRINGS = NO;
				SWIFT_UPCOMING_FEATURE_MEMBER_IMPORT_VISIBILITY = YES;
				SWIFT_VERSION = 5.0;
				TARGETED_DEVICE_FAMILY = "1,2";
				TEST_HOST = "$(BUILT_PRODUCTS_DIR)/FeedbackAssistant.app/$(BUNDLE_EXECUTABLE_FOLDER_PATH)/FeedbackAssistant";
				VALIDATE_PRODUCT = YES;
			};
			name = Release;
		};
		1648A1972F1149A2001CE56E /* Debug */ = {
			isa = XCBuildConfiguration;
			buildSettings = {
				CODE_SIGN_STYLE = Automatic;
				CURRENT_PROJECT_VERSION = 1;
				DEVELOPMENT_TEAM = UQP96YXSBQ;
				ENABLE_USER_SCRIPT_SANDBOXING = YES;
				GENERATE_INFOPLIST_FILE = YES;
				IPHONEOS_DEPLOYMENT_TARGET = 26.2;
				MARKETING_VERSION = 1.0;
				PRODUCT_BUNDLE_IDENTIFIER = ezacd.FeedbackAssistantUITests;
				PRODUCT_NAME = "$(TARGET_NAME)";
				SDKROOT = iphoneos;
				STRING_CATALOG_GENERATE_SYMBOLS = NO;
				SWIFT_APPROACHABLE_CONCURRENCY = YES;
				SWIFT_EMIT_LOC_STRINGS = NO;
				SWIFT_UPCOMING_FEATURE_MEMBER_IMPORT_VISIBILITY = YES;
				SWIFT_VERSION = 5.0;
				TARGETED_DEVICE_FAMILY = "1,2";
				TEST_TARGET_NAME = FeedbackAssistant;
			};
			name = Debug;
		};
		1648A1982F1149A2001CE56E /* Release */ = {
			isa = XCBuildConfiguration;
			buildSettings = {
				CODE_SIGN_STYLE = Automatic;
				CURRENT_PROJECT_VERSION = 1;
				DEVELOPMENT_TEAM = UQP96YXSBQ;
				ENABLE_USER_SCRIPT_SANDBOXING = YES;
				GENERATE_INFOPLIST_FILE = YES;
				IPHONEOS_DEPLOYMENT_TARGET = 26.2;
				MARKETING_VERSION = 1.0;
				PRODUCT_BUNDLE_IDENTIFIER = ezacd.FeedbackAssistantUITests;
				PRODUCT_NAME = "$(TARGET_NAME)";
				SDKROOT = iphoneos;
				STRING_CATALOG_GENERATE_SYMBOLS = NO;
				SWIFT_APPROACHABLE_CONCURRENCY = YES;
				SWIFT_EMIT_LOC_STRINGS = NO;
				SWIFT_UPCOMING_FEATURE_MEMBER_IMPORT_VISIBILITY = YES;
				SWIFT_VERSION = 5.0;
				TARGETED_DEVICE_FAMILY = "1,2";
				TEST_TARGET_NAME = FeedbackAssistant;
				VALIDATE_PRODUCT = YES;
			};
			name = Release;
		};
		164D4FF62EF02AAD00815184 /* Debug */ = {
			isa = XCBuildConfiguration;
			buildSettings = {
				ALWAYS_SEARCH_USER_PATHS = NO;
				ASSETCATALOG_COMPILER_GENERATE_SWIFT_ASSET_SYMBOL_EXTENSIONS = YES;
				CLANG_ANALYZER_NONNULL = YES;
				CLANG_ANALYZER_NUMBER_OBJECT_CONVERSION = YES_AGGRESSIVE;
				CLANG_CXX_LANGUAGE_STANDARD = "gnu++20";
				CLANG_ENABLE_MODULES = YES;
				CLANG_ENABLE_OBJC_ARC = YES;
				CLANG_ENABLE_OBJC_WEAK = YES;
				CLANG_WARN_BLOCK_CAPTURE_AUTORELEASING = YES;
				CLANG_WARN_BOOL_CONVERSION = YES;
				CLANG_WARN_COMMA = YES;
				CLANG_WARN_CONSTANT_CONVERSION = YES;
				CLANG_WARN_DEPRECATED_OBJC_IMPLEMENTATIONS = YES;
				CLANG_WARN_DIRECT_OBJC_ISA_USAGE = YES_ERROR;
				CLANG_WARN_DOCUMENTATION_COMMENTS = YES;
				CLANG_WARN_EMPTY_BODY = YES;
				CLANG_WARN_ENUM_CONVERSION = YES;
				CLANG_WARN_INFINITE_RECURSION = YES;
				CLANG_WARN_INT_CONVERSION = YES;
				CLANG_WARN_NON_LITERAL_NULL_CONVERSION = YES;
				CLANG_WARN_OBJC_IMPLICIT_RETAIN_SELF = YES;
				CLANG_WARN_OBJC_LITERAL_CONVERSION = YES;
				CLANG_WARN_OBJC_ROOT_CLASS = YES_ERROR;
				CLANG_WARN_QUOTED_INCLUDE_IN_FRAMEWORK_HEADER = YES;
				CLANG_WARN_RANGE_LOOP_ANALYSIS = YES;
				CLANG_WARN_STRICT_PROTOTYPES = YES;
				CLANG_WARN_SUSPICIOUS_MOVE = YES;
				CLANG_WARN_UNGUARDED_AVAILABILITY = YES_AGGRESSIVE;
				CLANG_WARN_UNREACHABLE_CODE = YES;
				CLANG_WARN__DUPLICATE_METHOD_MATCH = YES;
				COPY_PHASE_STRIP = NO;
				DEBUG_INFORMATION_FORMAT = dwarf;
				ENABLE_STRICT_OBJC_MSGSEND = YES;
				ENABLE_TESTABILITY = YES;
				ENABLE_USER_SCRIPT_SANDBOXING = NO;
				GCC_C_LANGUAGE_STANDARD = gnu17;
				GCC_DYNAMIC_NO_PIC = NO;
				GCC_NO_COMMON_BLOCKS = YES;
				GCC_OPTIMIZATION_LEVEL = 0;
				GCC_PREPROCESSOR_DEFINITIONS = (
					"DEBUG=1",
					"$(inherited)",
				);
				GCC_WARN_64_TO_32_BIT_CONVERSION = YES;
				GCC_WARN_ABOUT_RETURN_TYPE = YES_ERROR;
				GCC_WARN_UNDECLARED_SELECTOR = YES;
				GCC_WARN_UNINITIALIZED_AUTOS = YES_AGGRESSIVE;
				GCC_WARN_UNUSED_FUNCTION = YES;
				GCC_WARN_UNUSED_VARIABLE = YES;
				LOCALIZATION_PREFERS_STRING_CATALOGS = YES;
				MTL_ENABLE_DEBUG_INFO = INCLUDE_SOURCE;
				MTL_FAST_MATH = YES;
				ONLY_ACTIVE_ARCH = YES;
				SWIFT_ACTIVE_COMPILATION_CONDITIONS = "DEBUG $(inherited)";
				SWIFT_EMIT_LOC_STRINGS = YES;
				SWIFT_OPTIMIZATION_LEVEL = "-Onone";
			};
			name = Debug;
		};
		164D4FF72EF02AAD00815184 /* Release */ = {
			isa = XCBuildConfiguration;
			buildSettings = {
				ALWAYS_SEARCH_USER_PATHS = NO;
				ASSETCATALOG_COMPILER_GENERATE_SWIFT_ASSET_SYMBOL_EXTENSIONS = YES;
				CLANG_ANALYZER_NONNULL = YES;
				CLANG_ANALYZER_NUMBER_OBJECT_CONVERSION = YES_AGGRESSIVE;
				CLANG_CXX_LANGUAGE_STANDARD = "gnu++20";
				CLANG_ENABLE_MODULES = YES;
				CLANG_ENABLE_OBJC_ARC = YES;
				CLANG_ENABLE_OBJC_WEAK = YES;
				CLANG_WARN_BLOCK_CAPTURE_AUTORELEASING = YES;
				CLANG_WARN_BOOL_CONVERSION = YES;
				CLANG_WARN_COMMA = YES;
				CLANG_WARN_CONSTANT_CONVERSION = YES;
				CLANG_WARN_DEPRECATED_OBJC_IMPLEMENTATIONS = YES;
				CLANG_WARN_DIRECT_OBJC_ISA_USAGE = YES_ERROR;
				CLANG_WARN_DOCUMENTATION_COMMENTS = YES;
				CLANG_WARN_EMPTY_BODY = YES;
				CLANG_WARN_ENUM_CONVERSION = YES;
				CLANG_WARN_INFINITE_RECURSION = YES;
				CLANG_WARN_INT_CONVERSION = YES;
				CLANG_WARN_NON_LITERAL_NULL_CONVERSION = YES;
				CLANG_WARN_OBJC_IMPLICIT_RETAIN_SELF = YES;
				CLANG_WARN_OBJC_LITERAL_CONVERSION = YES;
				CLANG_WARN_OBJC_ROOT_CLASS = YES_ERROR;
				CLANG_WARN_QUOTED_INCLUDE_IN_FRAMEWORK_HEADER = YES;
				CLANG_WARN_RANGE_LOOP_ANALYSIS = YES;
				CLANG_WARN_STRICT_PROTOTYPES = YES;
				CLANG_WARN_SUSPICIOUS_MOVE = YES;
				CLANG_WARN_UNGUARDED_AVAILABILITY = YES_AGGRESSIVE;
				CLANG_WARN_UNREACHABLE_CODE = YES;
				CLANG_WARN__DUPLICATE_METHOD_MATCH = YES;
				COPY_PHASE_STRIP = NO;
				DEBUG_INFORMATION_FORMAT = "dwarf-with-dsym";
				ENABLE_NS_ASSERTIONS = NO;
				ENABLE_STRICT_OBJC_MSGSEND = YES;
				ENABLE_USER_SCRIPT_SANDBOXING = NO;
				GCC_C_LANGUAGE_STANDARD = gnu17;
				GCC_NO_COMMON_BLOCKS = YES;
				GCC_WARN_64_TO_32_BIT_CONVERSION = YES;
				GCC_WARN_ABOUT_RETURN_TYPE = YES_ERROR;
				GCC_WARN_UNDECLARED_SELECTOR = YES;
				GCC_WARN_UNINITIALIZED_AUTOS = YES_AGGRESSIVE;
				GCC_WARN_UNUSED_FUNCTION = YES;
				GCC_WARN_UNUSED_VARIABLE = YES;
				LOCALIZATION_PREFERS_STRING_CATALOGS = YES;
				MTL_ENABLE_DEBUG_INFO = NO;
				MTL_FAST_MATH = YES;
				SWIFT_COMPILATION_MODE = wholemodule;
				SWIFT_EMIT_LOC_STRINGS = YES;
			};
			name = Release;
		};
		164D4FF92EF02AAD00815184 /* Debug */ = {
			isa = XCBuildConfiguration;
			buildSettings = {
				ASSETCATALOG_COMPILER_APPICON_NAME = AppIcon;
				ASSETCATALOG_COMPILER_GLOBAL_ACCENT_COLOR_NAME = AccentColor;
				CODE_SIGN_ENTITLEMENTS = FeedbackAssistant/Configuration/FeedbackAssistant.entitlements;
				CODE_SIGN_IDENTITY = "Apple Development";
				CODE_SIGN_STYLE = Automatic;
				CURRENT_PROJECT_VERSION = 1;
				DEVELOPMENT_TEAM = UQP96YXSBQ;
				ENABLE_APP_SANDBOX = YES;
				ENABLE_PREVIEWS = YES;
				ENABLE_USER_SELECTED_FILES = readonly;
				GENERATE_INFOPLIST_FILE = YES;
				INFOPLIST_FILE = "Feedback-Assistant-Info.plist";
				"INFOPLIST_KEY_UIApplicationSceneManifest_Generation[sdk=iphoneos*]" = YES;
				"INFOPLIST_KEY_UIApplicationSceneManifest_Generation[sdk=iphonesimulator*]" = YES;
				"INFOPLIST_KEY_UIApplicationSupportsIndirectInputEvents[sdk=iphoneos*]" = YES;
				"INFOPLIST_KEY_UIApplicationSupportsIndirectInputEvents[sdk=iphonesimulator*]" = YES;
				"INFOPLIST_KEY_UILaunchScreen_Generation[sdk=iphoneos*]" = YES;
				"INFOPLIST_KEY_UILaunchScreen_Generation[sdk=iphonesimulator*]" = YES;
				"INFOPLIST_KEY_UIStatusBarStyle[sdk=iphoneos*]" = UIStatusBarStyleDefault;
				"INFOPLIST_KEY_UIStatusBarStyle[sdk=iphonesimulator*]" = UIStatusBarStyleDefault;
				INFOPLIST_KEY_UISupportedInterfaceOrientations_iPad = "UIInterfaceOrientationPortrait UIInterfaceOrientationPortraitUpsideDown UIInterfaceOrientationLandscapeLeft UIInterfaceOrientationLandscapeRight";
				INFOPLIST_KEY_UISupportedInterfaceOrientations_iPhone = "UIInterfaceOrientationPortrait UIInterfaceOrientationLandscapeLeft UIInterfaceOrientationLandscapeRight";
				IPHONEOS_DEPLOYMENT_TARGET = 26.0;
				LD_RUNPATH_SEARCH_PATHS = "@executable_path/Frameworks";
				"LD_RUNPATH_SEARCH_PATHS[sdk=macosx*]" = "@executable_path/../Frameworks";
				MACOSX_DEPLOYMENT_TARGET = 26.2;
				MARKETING_VERSION = 1.0;
				PRODUCT_BUNDLE_IDENTIFIER = "ezacd.Feedback-Assistant";
				PRODUCT_NAME = "$(TARGET_NAME)";
				PROVISIONING_PROFILE_SPECIFIER = "";
				REGISTER_APP_GROUPS = YES;
				SDKROOT = auto;
				STRING_CATALOG_GENERATE_SYMBOLS = YES;
				SUPPORTED_PLATFORMS = "iphoneos iphonesimulator macosx xros xrsimulator";
				SWIFT_APPROACHABLE_CONCURRENCY = YES;
				SWIFT_DEFAULT_ACTOR_ISOLATION = MainActor;
				SWIFT_EMIT_LOC_STRINGS = YES;
				SWIFT_UPCOMING_FEATURE_MEMBER_IMPORT_VISIBILITY = YES;
				SWIFT_VERSION = 5.0;
				TARGETED_DEVICE_FAMILY = "1,2,7";
				XROS_DEPLOYMENT_TARGET = 26.2;
			};
			name = Debug;
		};
		164D4FFA2EF02AAD00815184 /* Release */ = {
			isa = XCBuildConfiguration;
			buildSettings = {
				ASSETCATALOG_COMPILER_APPICON_NAME = AppIcon;
				ASSETCATALOG_COMPILER_GLOBAL_ACCENT_COLOR_NAME = AccentColor;
				CODE_SIGN_ENTITLEMENTS = FeedbackAssistant/Configuration/FeedbackAssistant.entitlements;
				CODE_SIGN_IDENTITY = "Apple Development";
				CODE_SIGN_STYLE = Automatic;
				CURRENT_PROJECT_VERSION = 1;
				DEVELOPMENT_TEAM = UQP96YXSBQ;
				ENABLE_APP_SANDBOX = YES;
				ENABLE_PREVIEWS = YES;
				ENABLE_USER_SELECTED_FILES = readonly;
				GENERATE_INFOPLIST_FILE = YES;
				INFOPLIST_FILE = "Feedback-Assistant-Info.plist";
				"INFOPLIST_KEY_UIApplicationSceneManifest_Generation[sdk=iphoneos*]" = YES;
				"INFOPLIST_KEY_UIApplicationSceneManifest_Generation[sdk=iphonesimulator*]" = YES;
				"INFOPLIST_KEY_UIApplicationSupportsIndirectInputEvents[sdk=iphoneos*]" = YES;
				"INFOPLIST_KEY_UIApplicationSupportsIndirectInputEvents[sdk=iphonesimulator*]" = YES;
				"INFOPLIST_KEY_UILaunchScreen_Generation[sdk=iphoneos*]" = YES;
				"INFOPLIST_KEY_UILaunchScreen_Generation[sdk=iphonesimulator*]" = YES;
				"INFOPLIST_KEY_UIStatusBarStyle[sdk=iphoneos*]" = UIStatusBarStyleDefault;
				"INFOPLIST_KEY_UIStatusBarStyle[sdk=iphonesimulator*]" = UIStatusBarStyleDefault;
				INFOPLIST_KEY_UISupportedInterfaceOrientations_iPad = "UIInterfaceOrientationPortrait UIInterfaceOrientationPortraitUpsideDown UIInterfaceOrientationLandscapeLeft UIInterfaceOrientationLandscapeRight";
				INFOPLIST_KEY_UISupportedInterfaceOrientations_iPhone = "UIInterfaceOrientationPortrait UIInterfaceOrientationLandscapeLeft UIInterfaceOrientationLandscapeRight";
				IPHONEOS_DEPLOYMENT_TARGET = 26.0;
				LD_RUNPATH_SEARCH_PATHS = "@executable_path/Frameworks";
				"LD_RUNPATH_SEARCH_PATHS[sdk=macosx*]" = "@executable_path/../Frameworks";
				MACOSX_DEPLOYMENT_TARGET = 26.2;
				MARKETING_VERSION = 1.0;
				PRODUCT_BUNDLE_IDENTIFIER = "ezacd.Feedback-Assistant";
				PRODUCT_NAME = "$(TARGET_NAME)";
				PROVISIONING_PROFILE_SPECIFIER = "";
				REGISTER_APP_GROUPS = YES;
				SDKROOT = auto;
				STRING_CATALOG_GENERATE_SYMBOLS = YES;
				SUPPORTED_PLATFORMS = "iphoneos iphonesimulator macosx xros xrsimulator";
				SWIFT_APPROACHABLE_CONCURRENCY = YES;
				SWIFT_DEFAULT_ACTOR_ISOLATION = MainActor;
				SWIFT_EMIT_LOC_STRINGS = YES;
				SWIFT_UPCOMING_FEATURE_MEMBER_IMPORT_VISIBILITY = YES;
				SWIFT_VERSION = 5.0;
				TARGETED_DEVICE_FAMILY = "1,2,7";
				XROS_DEPLOYMENT_TARGET = 26.2;
			};
			name = Release;
		};
		16A639882F34C03C008DFB63 /* Debug */ = {
			isa = XCBuildConfiguration;
			buildSettings = {
				ASSETCATALOG_COMPILER_GLOBAL_ACCENT_COLOR_NAME = AccentColor;
				ASSETCATALOG_COMPILER_WIDGET_BACKGROUND_COLOR_NAME = WidgetBackground;
				CODE_SIGN_ENTITLEMENTS = FeedbackAssistantWidgetMacExtension.entitlements;
				CODE_SIGN_IDENTITY = "Apple Development";
				CODE_SIGN_STYLE = Automatic;
				CURRENT_PROJECT_VERSION = 1;
				DEVELOPMENT_TEAM = UQP96YXSBQ;
				ENABLE_APP_SANDBOX = YES;
				ENABLE_HARDENED_RUNTIME = YES;
				ENABLE_USER_SCRIPT_SANDBOXING = YES;
				GENERATE_INFOPLIST_FILE = YES;
				INFOPLIST_FILE = FeedbackAssistantWidgetMac/Info.plist;
				INFOPLIST_KEY_CFBundleDisplayName = FeedbackAssistantWidgetMac;
				INFOPLIST_KEY_NSHumanReadableCopyright = "";
				LD_RUNPATH_SEARCH_PATHS = (
					"$(inherited)",
					"@executable_path/../Frameworks",
					"@executable_path/../../../../Frameworks",
				);
				MACOSX_DEPLOYMENT_TARGET = 26.2;
				MARKETING_VERSION = 1.0;
				PRODUCT_BUNDLE_IDENTIFIER = "ezacd.Feedback-Assistant.FeedbackAssistantWidgetMac";
				PRODUCT_NAME = "$(TARGET_NAME)";
				REGISTER_APP_GROUPS = YES;
				SDKROOT = macosx;
				SKIP_INSTALL = YES;
				STRING_CATALOG_GENERATE_SYMBOLS = YES;
				SWIFT_APPROACHABLE_CONCURRENCY = YES;
				SWIFT_EMIT_LOC_STRINGS = YES;
				SWIFT_UPCOMING_FEATURE_MEMBER_IMPORT_VISIBILITY = YES;
				SWIFT_VERSION = 5.0;
			};
			name = Debug;
		};
		16A639892F34C03C008DFB63 /* Release */ = {
			isa = XCBuildConfiguration;
			buildSettings = {
				ASSETCATALOG_COMPILER_GLOBAL_ACCENT_COLOR_NAME = AccentColor;
				ASSETCATALOG_COMPILER_WIDGET_BACKGROUND_COLOR_NAME = WidgetBackground;
				CODE_SIGN_ENTITLEMENTS = FeedbackAssistantWidgetMacExtension.entitlements;
				CODE_SIGN_IDENTITY = "Apple Development";
				CODE_SIGN_STYLE = Automatic;
				CURRENT_PROJECT_VERSION = 1;
				DEVELOPMENT_TEAM = UQP96YXSBQ;
				ENABLE_APP_SANDBOX = YES;
				ENABLE_HARDENED_RUNTIME = YES;
				ENABLE_USER_SCRIPT_SANDBOXING = YES;
				GENERATE_INFOPLIST_FILE = YES;
				INFOPLIST_FILE = FeedbackAssistantWidgetMac/Info.plist;
				INFOPLIST_KEY_CFBundleDisplayName = FeedbackAssistantWidgetMac;
				INFOPLIST_KEY_NSHumanReadableCopyright = "";
				LD_RUNPATH_SEARCH_PATHS = (
					"$(inherited)",
					"@executable_path/../Frameworks",
					"@executable_path/../../../../Frameworks",
				);
				MACOSX_DEPLOYMENT_TARGET = 26.2;
				MARKETING_VERSION = 1.0;
				PRODUCT_BUNDLE_IDENTIFIER = "ezacd.Feedback-Assistant.FeedbackAssistantWidgetMac";
				PRODUCT_NAME = "$(TARGET_NAME)";
				REGISTER_APP_GROUPS = YES;
				SDKROOT = macosx;
				SKIP_INSTALL = YES;
				STRING_CATALOG_GENERATE_SYMBOLS = YES;
				SWIFT_APPROACHABLE_CONCURRENCY = YES;
				SWIFT_EMIT_LOC_STRINGS = YES;
				SWIFT_UPCOMING_FEATURE_MEMBER_IMPORT_VISIBILITY = YES;
				SWIFT_VERSION = 5.0;
			};
			name = Release;
		};
		16A639A92F34CBB0008DFB63 /* Debug */ = {
			isa = XCBuildConfiguration;
			buildSettings = {
				ASSETCATALOG_COMPILER_APPICON_NAME = AppIcon;
				ASSETCATALOG_COMPILER_GENERATE_SWIFT_ASSET_SYMBOL_EXTENSIONS = NO;
				ASSETCATALOG_COMPILER_GLOBAL_ACCENT_COLOR_NAME = AccentColor;
				CODE_SIGN_ENTITLEMENTS = "UPAWatch Watch App/UPAWatch Watch App.entitlements";
				CODE_SIGN_IDENTITY = "Apple Development";
				CODE_SIGN_STYLE = Automatic;
				CURRENT_PROJECT_VERSION = 1;
				DEVELOPMENT_TEAM = UQP96YXSBQ;
				ENABLE_PREVIEWS = YES;
				ENABLE_USER_SCRIPT_SANDBOXING = YES;
				GENERATE_INFOPLIST_FILE = YES;
				INFOPLIST_KEY_CFBundleDisplayName = UPAWatch;
				INFOPLIST_KEY_UISupportedInterfaceOrientations = "UIInterfaceOrientationPortrait UIInterfaceOrientationPortraitUpsideDown";
				INFOPLIST_KEY_WKCompanionAppBundleIdentifier = "ezacd.Feedback-Assistant";
				LD_RUNPATH_SEARCH_PATHS = (
					"$(inherited)",
					"@executable_path/Frameworks",
				);
				MARKETING_VERSION = 1.0;
				PRODUCT_BUNDLE_IDENTIFIER = "ezacd.Feedback-Assistant.watchkitapp";
				PRODUCT_NAME = "$(TARGET_NAME)";
				SDKROOT = watchos;
				SKIP_INSTALL = YES;
				STRING_CATALOG_GENERATE_SYMBOLS = YES;
				SWIFT_APPROACHABLE_CONCURRENCY = YES;
				SWIFT_DEFAULT_ACTOR_ISOLATION = MainActor;
				SWIFT_EMIT_LOC_STRINGS = YES;
				SWIFT_UPCOMING_FEATURE_MEMBER_IMPORT_VISIBILITY = YES;
				SWIFT_VERSION = 5.0;
				TARGETED_DEVICE_FAMILY = 4;
				WATCHOS_DEPLOYMENT_TARGET = 26.0;
			};
			name = Debug;
		};
		16A639AA2F34CBB0008DFB63 /* Release */ = {
			isa = XCBuildConfiguration;
			buildSettings = {
				ASSETCATALOG_COMPILER_APPICON_NAME = AppIcon;
				ASSETCATALOG_COMPILER_GENERATE_SWIFT_ASSET_SYMBOL_EXTENSIONS = NO;
				ASSETCATALOG_COMPILER_GLOBAL_ACCENT_COLOR_NAME = AccentColor;
				CODE_SIGN_ENTITLEMENTS = "UPAWatch Watch App/UPAWatch Watch App.entitlements";
				CODE_SIGN_IDENTITY = "Apple Development";
				CODE_SIGN_STYLE = Automatic;
				CURRENT_PROJECT_VERSION = 1;
				DEVELOPMENT_TEAM = UQP96YXSBQ;
				ENABLE_PREVIEWS = YES;
				ENABLE_USER_SCRIPT_SANDBOXING = YES;
				GENERATE_INFOPLIST_FILE = YES;
				INFOPLIST_KEY_CFBundleDisplayName = UPAWatch;
				INFOPLIST_KEY_UISupportedInterfaceOrientations = "UIInterfaceOrientationPortrait UIInterfaceOrientationPortraitUpsideDown";
				INFOPLIST_KEY_WKCompanionAppBundleIdentifier = "ezacd.Feedback-Assistant";
				LD_RUNPATH_SEARCH_PATHS = (
					"$(inherited)",
					"@executable_path/Frameworks",
				);
				MARKETING_VERSION = 1.0;
				PRODUCT_BUNDLE_IDENTIFIER = "ezacd.Feedback-Assistant.watchkitapp";
				PRODUCT_NAME = "$(TARGET_NAME)";
				SDKROOT = watchos;
				SKIP_INSTALL = YES;
				STRING_CATALOG_GENERATE_SYMBOLS = YES;
				SWIFT_APPROACHABLE_CONCURRENCY = YES;
				SWIFT_DEFAULT_ACTOR_ISOLATION = MainActor;
				SWIFT_EMIT_LOC_STRINGS = YES;
				SWIFT_UPCOMING_FEATURE_MEMBER_IMPORT_VISIBILITY = YES;
				SWIFT_VERSION = 5.0;
				TARGETED_DEVICE_FAMILY = 4;
				VALIDATE_PRODUCT = YES;
				WATCHOS_DEPLOYMENT_TARGET = 26.0;
			};
			name = Release;
		};
		16EEAB212F2CD95D00CDB8E9 /* Debug */ = {
			isa = XCBuildConfiguration;
			buildSettings = {
				ASSETCATALOG_COMPILER_GLOBAL_ACCENT_COLOR_NAME = AccentColor;
				ASSETCATALOG_COMPILER_WIDGET_BACKGROUND_COLOR_NAME = WidgetBackground;
				CODE_SIGN_ENTITLEMENTS = FeedbackAssistantWidgetExtension.entitlements;
				CODE_SIGN_IDENTITY = "Apple Development";
				CODE_SIGN_STYLE = Automatic;
				CURRENT_PROJECT_VERSION = 1;
				DEVELOPMENT_TEAM = UQP96YXSBQ;
				ENABLE_USER_SCRIPT_SANDBOXING = YES;
				GENERATE_INFOPLIST_FILE = YES;
				INFOPLIST_FILE = FeedbackAssistantWidget/Info.plist;
				INFOPLIST_KEY_CFBundleDisplayName = FeedbackAssistantWidget;
				INFOPLIST_KEY_NSHumanReadableCopyright = "";
				IPHONEOS_DEPLOYMENT_TARGET = 26.2;
				LD_RUNPATH_SEARCH_PATHS = (
					"$(inherited)",
					"@executable_path/Frameworks",
					"@executable_path/../../Frameworks",
				);
				MARKETING_VERSION = 1.0;
				PRODUCT_BUNDLE_IDENTIFIER = "ezacd.Feedback-Assistant.FeedbackAssistantWidget";
				PRODUCT_NAME = "$(TARGET_NAME)";
				SDKROOT = iphoneos;
				SKIP_INSTALL = YES;
				STRING_CATALOG_GENERATE_SYMBOLS = YES;
				SUPPORTED_PLATFORMS = "iphoneos iphonesimulator";
				SUPPORTS_MACCATALYST = NO;
				SUPPORTS_XR_DESIGNED_FOR_IPHONE_IPAD = NO;
				SWIFT_APPROACHABLE_CONCURRENCY = YES;
				SWIFT_EMIT_LOC_STRINGS = YES;
				SWIFT_UPCOMING_FEATURE_MEMBER_IMPORT_VISIBILITY = YES;
				SWIFT_VERSION = 5.0;
				TARGETED_DEVICE_FAMILY = "1,2";
			};
			name = Debug;
		};
		16EEAB222F2CD95D00CDB8E9 /* Release */ = {
			isa = XCBuildConfiguration;
			buildSettings = {
				ASSETCATALOG_COMPILER_GLOBAL_ACCENT_COLOR_NAME = AccentColor;
				ASSETCATALOG_COMPILER_WIDGET_BACKGROUND_COLOR_NAME = WidgetBackground;
				CODE_SIGN_ENTITLEMENTS = FeedbackAssistantWidgetExtension.entitlements;
				CODE_SIGN_IDENTITY = "Apple Development";
				CODE_SIGN_STYLE = Automatic;
				CURRENT_PROJECT_VERSION = 1;
				DEVELOPMENT_TEAM = UQP96YXSBQ;
				ENABLE_USER_SCRIPT_SANDBOXING = YES;
				GENERATE_INFOPLIST_FILE = YES;
				INFOPLIST_FILE = FeedbackAssistantWidget/Info.plist;
				INFOPLIST_KEY_CFBundleDisplayName = FeedbackAssistantWidget;
				INFOPLIST_KEY_NSHumanReadableCopyright = "";
				IPHONEOS_DEPLOYMENT_TARGET = 26.2;
				LD_RUNPATH_SEARCH_PATHS = (
					"$(inherited)",
					"@executable_path/Frameworks",
					"@executable_path/../../Frameworks",
				);
				MARKETING_VERSION = 1.0;
				PRODUCT_BUNDLE_IDENTIFIER = "ezacd.Feedback-Assistant.FeedbackAssistantWidget";
				PRODUCT_NAME = "$(TARGET_NAME)";
				SDKROOT = iphoneos;
				SKIP_INSTALL = YES;
				STRING_CATALOG_GENERATE_SYMBOLS = YES;
				SUPPORTED_PLATFORMS = "iphoneos iphonesimulator";
				SUPPORTS_MACCATALYST = NO;
				SUPPORTS_XR_DESIGNED_FOR_IPHONE_IPAD = NO;
				SWIFT_APPROACHABLE_CONCURRENCY = YES;
				SWIFT_EMIT_LOC_STRINGS = YES;
				SWIFT_UPCOMING_FEATURE_MEMBER_IMPORT_VISIBILITY = YES;
				SWIFT_VERSION = 5.0;
				TARGETED_DEVICE_FAMILY = "1,2";
				VALIDATE_PRODUCT = YES;
			};
			name = Release;
		};
/* End XCBuildConfiguration section */

/* Begin XCConfigurationList section */
		1648A1722F0C3425001CE56E /* Build configuration list for PBXNativeTarget "FeedbackAssistantTests" */ = {
			isa = XCConfigurationList;
			buildConfigurations = (
				1648A1732F0C3425001CE56E /* Debug */,
				1648A1742F0C3425001CE56E /* Release */,
			);
			defaultConfigurationIsVisible = 0;
			defaultConfigurationName = Release;
		};
		1648A1962F1149A2001CE56E /* Build configuration list for PBXNativeTarget "FeedbackAssistantUITests" */ = {
			isa = XCConfigurationList;
			buildConfigurations = (
				1648A1972F1149A2001CE56E /* Debug */,
				1648A1982F1149A2001CE56E /* Release */,
			);
			defaultConfigurationIsVisible = 0;
			defaultConfigurationName = Release;
		};
		164D4FD22EF02AAC00815184 /* Build configuration list for PBXProject "FeedbackAssistant" */ = {
			isa = XCConfigurationList;
			buildConfigurations = (
				164D4FF62EF02AAD00815184 /* Debug */,
				164D4FF72EF02AAD00815184 /* Release */,
			);
			defaultConfigurationIsVisible = 0;
			defaultConfigurationName = Release;
		};
		164D4FF82EF02AAD00815184 /* Build configuration list for PBXNativeTarget "FeedbackAssistant" */ = {
			isa = XCConfigurationList;
			buildConfigurations = (
				164D4FF92EF02AAD00815184 /* Debug */,
				164D4FFA2EF02AAD00815184 /* Release */,
			);
			defaultConfigurationIsVisible = 0;
			defaultConfigurationName = Release;
		};
		16A639872F34C03C008DFB63 /* Build configuration list for PBXNativeTarget "FeedbackAssistantWidgetMacExtension" */ = {
			isa = XCConfigurationList;
			buildConfigurations = (
				16A639882F34C03C008DFB63 /* Debug */,
				16A639892F34C03C008DFB63 /* Release */,
			);
			defaultConfigurationIsVisible = 0;
			defaultConfigurationName = Release;
		};
		16A639A82F34CBB0008DFB63 /* Build configuration list for PBXNativeTarget "UPAWatch Watch App" */ = {
			isa = XCConfigurationList;
			buildConfigurations = (
				16A639A92F34CBB0008DFB63 /* Debug */,
				16A639AA2F34CBB0008DFB63 /* Release */,
			);
			defaultConfigurationIsVisible = 0;
			defaultConfigurationName = Release;
		};
		16EEAB202F2CD95D00CDB8E9 /* Build configuration list for PBXNativeTarget "FeedbackAssistantWidgetExtension" */ = {
			isa = XCConfigurationList;
			buildConfigurations = (
				16EEAB212F2CD95D00CDB8E9 /* Debug */,
				16EEAB222F2CD95D00CDB8E9 /* Release */,
			);
			defaultConfigurationIsVisible = 0;
			defaultConfigurationName = Release;
		};
/* End XCConfigurationList section */
	};
	rootObject = 164D4FCF2EF02AAC00815184 /* Project object */;
}
